
Microsoft Visual Studio Solution File, Format Version 12.00
# Visual Studio Version 17
VisualStudioVersion = 17.10.34928.147
MinimumVisualStudioVersion = 10.0.40219.1
Project("{FAE04EC0-301F-11D3-BF4B-00C04F79EFBC}") = "API.NorwayTides", "API.NorwayTides\API.NorwayTides.csproj", "{A816D074-D1E5-4071-BCC6-C14EB8895D4E}"
EndProject
Global
	GlobalSection(SolutionConfigurationPlatforms) = preSolution
		Debug|Any CPU = Debug|Any CPU
		Release|Any CPU = Release|Any CPU
	EndGlobalSection
	GlobalSection(ProjectConfigurationPlatforms) = postSolution
		{A816D074-D1E5-4071-BCC6-C14EB8895D4E}.Debug|Any CPU.ActiveCfg = Debug|Any CPU
		{A816D074-D1E5-4071-BCC6-C14EB8895D4E}.Debug|Any CPU.Build.0 = Debug|Any CPU
		{A816D074-D1E5-4071-BCC6-C14EB8895D4E}.Release|Any CPU.ActiveCfg = Release|Any CPU
		{A816D074-D1E5-4071-BCC6-C14EB8895D4E}.Release|Any CPU.Build.0 = Release|Any CPU
	EndGlobalSection
	GlobalSection(SolutionProperties) = preSolution
		HideSolutionNode = FALSE
	EndGlobalSection
	GlobalSection(ExtensibilityGlobals) = postSolution
		SolutionGuid = {18512551-1DFA-4BC7-945B-0E476BBAA118}
	EndGlobalSection
EndGlobal
